
Microsoft Visual Studio Solution File, Format Version 12.00
# Visual Studio Version 17
VisualStudioVersion = 17.7.34221.43
MinimumVisualStudioVersion = 10.0.40219.1
Project("{FAE04EC0-301F-11D3-BF4B-00C04F79EFBC}") = "q2", "q2.csproj", "{EAFABB04-135C-49FC-BFD8-480139E04390}"
EndProject
Global
	GlobalSection(SolutionConfigurationPlatforms) = preSolution
		Debug|Any CPU = Debug|Any CPU
		Release|Any CPU = Release|Any CPU
	EndGlobalSection
	GlobalSection(ProjectConfigurationPlatforms) = postSolution
		{EAFABB04-135C-49FC-BFD8-480139E04390}.Debug|Any CPU.ActiveCfg = Debug|Any CPU
		{EAFABB04-135C-49FC-BFD8-480139E04390}.Debug|Any CPU.Build.0 = Debug|Any CPU
		{EAFABB04-135C-49FC-BFD8-480139E04390}.Release|Any CPU.ActiveCfg = Release|Any CPU
		{EAFABB04-135C-49FC-BFD8-480139E04390}.Release|Any CPU.Build.0 = Release|Any CPU
	EndGlobalSection
	GlobalSection(SolutionProperties) = preSolution
		HideSolutionNode = FALSE
	EndGlobalSection
	GlobalSection(ExtensibilityGlobals) = postSolution
		SolutionGuid = {D36B44E4-8FFD-4E99-B2A3-0B27C4FD1578}
	EndGlobalSection
EndGlobal
