
Microsoft Visual Studio Solution File, Format Version 12.00
# Visual Studio Version 17
VisualStudioVersion = 17.7.34221.43
MinimumVisualStudioVersion = 10.0.40219.1
Project("{FAE04EC0-301F-11D3-BF4B-00C04F79EFBC}") = "q7", "q7.csproj", "{73B86542-26E6-44DD-9651-966B1D05F6FD}"
EndProject
Global
	GlobalSection(SolutionConfigurationPlatforms) = preSolution
		Debug|Any CPU = Debug|Any CPU
		Release|Any CPU = Release|Any CPU
	EndGlobalSection
	GlobalSection(ProjectConfigurationPlatforms) = postSolution
		{73B86542-26E6-44DD-9651-966B1D05F6FD}.Debug|Any CPU.ActiveCfg = Debug|Any CPU
		{73B86542-26E6-44DD-9651-966B1D05F6FD}.Debug|Any CPU.Build.0 = Debug|Any CPU
		{73B86542-26E6-44DD-9651-966B1D05F6FD}.Release|Any CPU.ActiveCfg = Release|Any CPU
		{73B86542-26E6-44DD-9651-966B1D05F6FD}.Release|Any CPU.Build.0 = Release|Any CPU
	EndGlobalSection
	GlobalSection(SolutionProperties) = preSolution
		HideSolutionNode = FALSE
	EndGlobalSection
	GlobalSection(ExtensibilityGlobals) = postSolution
		SolutionGuid = {44E25A57-A4ED-4708-8CF7-F9E8FCC8835E}
	EndGlobalSection
EndGlobal
